
Microsoft Visual Studio Solution File, Format Version 12.00
Project("{FAE04EC0-301F-11D3-BF4B-00C04F79EFBC}") = "EdilPaintPreventibiviGen", "EdilPaintPreventibiviGen\EdilPaintPreventibiviGen.csproj", "{8ADF0134-93EB-4315-95DE-6BBFB4642439}"
EndProject
Project("{FAE04EC0-301F-11D3-BF4B-00C04F79EFBC}") = "EdilPaintPreventibiviGen.Tests", "EdilPaintPreventibiviGen.Tests\EdilPaintPreventibiviGen.Tests.csproj", "{623947AC-F2BC-42E3-857A-4138D0CBE086}"
EndProject
Project("{FAE04EC0-301F-11D3-BF4B-00C04F79EFBC}") = "EdilPaintPreventibiviGen.Migration", "EdilPaintPreventibiviGen.Migration\EdilPaintPreventibiviGen.Migration.csproj", "{D8BDC354-206F-4CA4-92D7-DBBF37583799}"
EndProject
Global
	GlobalSection(SolutionConfigurationPlatforms) = preSolution
		Debug|Any CPU = Debug|Any CPU
		Debug|x64 = Debug|x64
		Debug|x86 = Debug|x86
		Release|Any CPU = Release|Any CPU
		Release|x64 = Release|x64
		Release|x86 = Release|x86
	EndGlobalSection
	GlobalSection(ProjectConfigurationPlatforms) = postSolution
		{8ADF0134-93EB-4315-95DE-6BBFB4642439}.Debug|Any CPU.ActiveCfg = Debug|Any CPU
		{8ADF0134-93EB-4315-95DE-6BBFB4642439}.Debug|Any CPU.Build.0 = Debug|Any CPU
		{8ADF0134-93EB-4315-95DE-6BBFB4642439}.Debug|x64.ActiveCfg = Debug|Any CPU
		{8ADF0134-93EB-4315-95DE-6BBFB4642439}.Debug|x64.Build.0 = Debug|Any CPU
		{8ADF0134-93EB-4315-95DE-6BBFB4642439}.Debug|x86.ActiveCfg = Debug|Any CPU
		{8ADF0134-93EB-4315-95DE-6BBFB4642439}.Debug|x86.Build.0 = Debug|Any CPU
		{8ADF0134-93EB-4315-95DE-6BBFB4642439}.Release|Any CPU.ActiveCfg = Release|Any CPU
		{8ADF0134-93EB-4315-95DE-6BBFB4642439}.Release|Any CPU.Build.0 = Release|Any CPU
		{8ADF0134-93EB-4315-95DE-6BBFB4642439}.Release|x64.ActiveCfg = Release|Any CPU
		{8ADF0134-93EB-4315-95DE-6BBFB4642439}.Release|x64.Build.0 = Release|Any CPU
		{8ADF0134-93EB-4315-95DE-6BBFB4642439}.Release|x86.ActiveCfg = Release|Any CPU
		{8ADF0134-93EB-4315-95DE-6BBFB4642439}.Release|x86.Build.0 = Release|Any CPU
		{623947AC-F2BC-42E3-857A-4138D0CBE086}.Debug|Any CPU.ActiveCfg = Debug|Any CPU
		{623947AC-F2BC-42E3-857A-4138D0CBE086}.Debug|Any CPU.Build.0 = Debug|Any CPU
		{623947AC-F2BC-42E3-857A-4138D0CBE086}.Debug|x64.ActiveCfg = Debug|Any CPU
		{623947AC-F2BC-42E3-857A-4138D0CBE086}.Debug|x64.Build.0 = Debug|Any CPU
		{623947AC-F2BC-42E3-857A-4138D0CBE086}.Debug|x86.ActiveCfg = Debug|Any CPU
		{623947AC-F2BC-42E3-857A-4138D0CBE086}.Debug|x86.Build.0 = Debug|Any CPU
		{623947AC-F2BC-42E3-857A-4138D0CBE086}.Release|Any CPU.ActiveCfg = Release|Any CPU
		{623947AC-F2BC-42E3-857A-4138D0CBE086}.Release|Any CPU.Build.0 = Release|Any CPU
		{623947AC-F2BC-42E3-857A-4138D0CBE086}.Release|x64.ActiveCfg = Release|Any CPU
		{623947AC-F2BC-42E3-857A-4138D0CBE086}.Release|x64.Build.0 = Release|Any CPU
		{623947AC-F2BC-42E3-857A-4138D0CBE086}.Release|x86.ActiveCfg = Release|Any CPU
		{623947AC-F2BC-42E3-857A-4138D0CBE086}.Release|x86.Build.0 = Release|Any CPU
		{D8BDC354-206F-4CA4-92D7-DBBF37583799}.Debug|Any CPU.ActiveCfg = Debug|Any CPU
		{D8BDC354-206F-4CA4-92D7-DBBF37583799}.Debug|Any CPU.Build.0 = Debug|Any CPU
		{D8BDC354-206F-4CA4-92D7-DBBF37583799}.Debug|x64.ActiveCfg = Debug|Any CPU
		{D8BDC354-206F-4CA4-92D7-DBBF37583799}.Debug|x64.Build.0 = Debug|Any CPU
		{D8BDC354-206F-4CA4-92D7-DBBF37583799}.Debug|x86.ActiveCfg = Debug|Any CPU
		{D8BDC354-206F-4CA4-92D7-DBBF37583799}.Debug|x86.Build.0 = Debug|Any CPU
		{D8BDC354-206F-4CA4-92D7-DBBF37583799}.Release|Any CPU.ActiveCfg = Release|Any CPU
		{D8BDC354-206F-4CA4-92D7-DBBF37583799}.Release|Any CPU.Build.0 = Release|Any CPU
		{D8BDC354-206F-4CA4-92D7-DBBF37583799}.Release|x64.ActiveCfg = Release|Any CPU
		{D8BDC354-206F-4CA4-92D7-DBBF37583799}.Release|x64.Build.0 = Release|Any CPU
		{D8BDC354-206F-4CA4-92D7-DBBF37583799}.Release|x86.ActiveCfg = Release|Any CPU
		{D8BDC354-206F-4CA4-92D7-DBBF37583799}.Release|x86.Build.0 = Release|Any CPU
	EndGlobalSection
	GlobalSection(SolutionProperties) = preSolution
		HideSolutionNode = FALSE
	EndGlobalSection
EndGlobal
